lockfileVersion: "9.0"

settings:
  autoInstallPeers: true
  excludeLinksFromLockfile: false

importers:
  .:
    devDependencies:
      prettier:
        specifier: ^3.3.3
        version: 3.3.3
      prettier-plugin-astro:
        specifier: ^0.14.1
        version: 0.14.1
      prettier-plugin-tailwindcss:
        specifier: ^0.6.5
        version: 0.6.5(prettier-plugin-astro@0.14.1)(prettier@3.3.3)
      turbo:
        specifier: ^2.0.6
        version: 2.0.6

packages:
  "@astrojs/compiler@2.9.1":
    resolution:
      {
        integrity: sha512-s8Ge2lWHx/s3kl4UoerjL/iPtwdtogNM/BLOaGCwQA6crMOVYpphy5wUkYlKyuh8GAeGYH/5haLAFBsgNy9AQQ==,
      }

  prettier-plugin-astro@0.14.1:
    resolution:
      {
        integrity: sha512-RiBETaaP9veVstE4vUwSIcdATj6dKmXljouXc/DDNwBSPTp8FRkLGDSGFClKsAFeeg+13SB0Z1JZvbD76bigJw==,
      }
    engines: { node: ^14.15.0 || >=16.0.0 }

  prettier-plugin-tailwindcss@0.6.5:
    resolution:
      {
        integrity: sha512-axfeOArc/RiGHjOIy9HytehlC0ZLeMaqY09mm8YCkMzznKiDkwFzOpBvtuhuv3xG5qB73+Mj7OCe2j/L1ryfuQ==,
      }
    engines: { node: ">=14.21.3" }
    peerDependencies:
      "@ianvs/prettier-plugin-sort-imports": "*"
      "@prettier/plugin-pug": "*"
      "@shopify/prettier-plugin-liquid": "*"
      "@trivago/prettier-plugin-sort-imports": "*"
      "@zackad/prettier-plugin-twig-melody": "*"
      prettier: ^3.0
      prettier-plugin-astro: "*"
      prettier-plugin-css-order: "*"
      prettier-plugin-import-sort: "*"
      prettier-plugin-jsdoc: "*"
      prettier-plugin-marko: "*"
      prettier-plugin-organize-attributes: "*"
      prettier-plugin-organize-imports: "*"
      prettier-plugin-sort-imports: "*"
      prettier-plugin-style-order: "*"
      prettier-plugin-svelte: "*"
    peerDependenciesMeta:
      "@ianvs/prettier-plugin-sort-imports":
        optional: true
      "@prettier/plugin-pug":
        optional: true
      "@shopify/prettier-plugin-liquid":
        optional: true
      "@trivago/prettier-plugin-sort-imports":
        optional: true
      "@zackad/prettier-plugin-twig-melody":
        optional: true
      prettier-plugin-astro:
        optional: true
      prettier-plugin-css-order:
        optional: true
      prettier-plugin-import-sort:
        optional: true
      prettier-plugin-jsdoc:
        optional: true
      prettier-plugin-marko:
        optional: true
      prettier-plugin-organize-attributes:
        optional: true
      prettier-plugin-organize-imports:
        optional: true
      prettier-plugin-sort-imports:
        optional: true
      prettier-plugin-style-order:
        optional: true
      prettier-plugin-svelte:
        optional: true

  prettier@3.3.3:
    resolution:
      {
        integrity: sha512-i2tDNA0O5IrMO757lfrdQZCc2jPNDVntV0m/+4whiDfWaTKfMNgR7Qz0NAeGz/nRqF4m5/6CLzbP4/liHt12Ew==,
      }
    engines: { node: ">=14" }
    hasBin: true

  s.color@0.0.15:
    resolution:
      {
        integrity: sha512-AUNrbEUHeKY8XsYr/DYpl+qk5+aM+DChopnWOPEzn8YKzOhv4l2zH6LzZms3tOZP3wwdOyc0RmTciyi46HLIuA==,
      }

  sass-formatter@0.7.9:
    resolution:
      {
        integrity: sha512-CWZ8XiSim+fJVG0cFLStwDvft1VI7uvXdCNJYXhDvowiv+DsbD1nXLiQ4zrE5UBvj5DWZJ93cwN0NX5PMsr1Pw==,
      }

  suf-log@2.5.3:
    resolution:
      {
        integrity: sha512-KvC8OPjzdNOe+xQ4XWJV2whQA0aM1kGVczMQ8+dStAO6KfEB140JEVQ9dE76ONZ0/Ylf67ni4tILPJB41U0eow==,
      }

  turbo-darwin-64@2.0.6:
    resolution:
      {
        integrity: sha512-XpgBwWj3Ggmz/gQVqXdMKXHC1iFPMDiuwugLwSzE7Ih0O13JuNtYZKhQnopvbDQnFQCeRq2Vsm5OTWabg/oB/g==,
      }
    cpu: [x64]
    os: [darwin]

  turbo-darwin-arm64@2.0.6:
    resolution:
      {
        integrity: sha512-RfeZYXIAkiA21E8lsvfptGTqz/256YD+eI1x37fedfvnHFWuIMFZGAOwJxtZc6QasQunDZ9TRRREbJNI68tkIw==,
      }
    cpu: [arm64]
    os: [darwin]

  turbo-linux-64@2.0.6:
    resolution:
      {
        integrity: sha512-92UDa0xNQQbx0HdSp9ag3YSS3xPdavhc7q9q9mxIAcqyjjD6VElA4Y85m4F/DDGE5SolCrvBz2sQhVmkOd6Caw==,
      }
    cpu: [x64]
    os: [linux]

  turbo-linux-arm64@2.0.6:
    resolution:
      {
        integrity: sha512-eQKu6utCVUkIH2kqOzD8OS6E0ba6COjWm6PRDTNCHQRljZW503ycaTUIdMOiJrVg1MkEjDyOReUg8s8D18aJ4Q==,
      }
    cpu: [arm64]
    os: [linux]

  turbo-windows-64@2.0.6:
    resolution:
      {
        integrity: sha512-+9u4EPrpoeHYCQ46dRcou9kbkSoelhOelHNcbs2d86D6ruYD/oIAHK9qgYK8LeARRz0jxhZIA/dWYdYsxJJWkw==,
      }
    cpu: [x64]
    os: [win32]

  turbo-windows-arm64@2.0.6:
    resolution:
      {
        integrity: sha512-rdrKL+p+EjtdDVg0wQ/7yTbzkIYrnb0Pw4IKcjsy3M0RqUM9UcEi67b94XOAyTa5a0GqJL1+tUj2ebsFGPgZbg==,
      }
    cpu: [arm64]
    os: [win32]

  turbo@2.0.6:
    resolution:
      {
        integrity: sha512-/Ftmxd5Mq//a9yMonvmwENNUN65jOVTwhhBPQjEtNZutYT9YKyzydFGLyVM1nzhpLWahQSMamRc/RDBv5EapzA==,
      }
    hasBin: true

snapshots:
  "@astrojs/compiler@2.9.1": {}

  prettier-plugin-astro@0.14.1:
    dependencies:
      "@astrojs/compiler": 2.9.1
      prettier: 3.3.3
      sass-formatter: 0.7.9

  prettier-plugin-tailwindcss@0.6.5(prettier-plugin-astro@0.14.1)(prettier@3.3.3):
    dependencies:
      prettier: 3.3.3
    optionalDependencies:
      prettier-plugin-astro: 0.14.1

  prettier@3.3.3: {}

  s.color@0.0.15: {}

  sass-formatter@0.7.9:
    dependencies:
      suf-log: 2.5.3

  suf-log@2.5.3:
    dependencies:
      s.color: 0.0.15

  turbo-darwin-64@2.0.6:
    optional: true

  turbo-darwin-arm64@2.0.6:
    optional: true

  turbo-linux-64@2.0.6:
    optional: true

  turbo-linux-arm64@2.0.6:
    optional: true

  turbo-windows-64@2.0.6:
    optional: true

  turbo-windows-arm64@2.0.6:
    optional: true

  turbo@2.0.6:
    optionalDependencies:
      turbo-darwin-64: 2.0.6
      turbo-darwin-arm64: 2.0.6
      turbo-linux-64: 2.0.6
      turbo-linux-arm64: 2.0.6
      turbo-windows-64: 2.0.6
      turbo-windows-arm64: 2.0.6
